
Microsoft Visual Studio Solution File, Format Version 12.00
# Visual Studio Version 17
VisualStudioVersion = 17.7.34024.191
MinimumVisualStudioVersion = 10.0.40219.1
Project("{FAE04EC0-301F-11D3-BF4B-00C04F79EFBC}") = "UnitTestingClassLibrary", "UnitTestingClassLibrary\UnitTestingClassLibrary.csproj", "{6C7DD0F5-298C-4EC7-B1A0-19B7A231AE3F}"
EndProject
Project("{FAE04EC0-301F-11D3-BF4B-00C04F79EFBC}") = "UnitTestingProject", "UnitTestingProject\UnitTestingProject.csproj", "{0D259060-B177-4DB0-AA22-F0123FEFD091}"
EndProject
Project("{FAE04EC0-301F-11D3-BF4B-00C04F79EFBC}") = "SimpleCalculatorBlazorApp", "SimpleCalculatorBlazorApp\SimpleCalculatorBlazorApp.csproj", "{17C06780-DF12-4D35-BFF5-45059583E755}"
EndProject
Global
	GlobalSection(SolutionConfigurationPlatforms) = preSolution
		Debug|Any CPU = Debug|Any CPU
		Release|Any CPU = Release|Any CPU
	EndGlobalSection
	GlobalSection(ProjectConfigurationPlatforms) = postSolution
		{6C7DD0F5-298C-4EC7-B1A0-19B7A231AE3F}.Debug|Any CPU.ActiveCfg = Debug|Any CPU
		{6C7DD0F5-298C-4EC7-B1A0-19B7A231AE3F}.Debug|Any CPU.Build.0 = Debug|Any CPU
		{6C7DD0F5-298C-4EC7-B1A0-19B7A231AE3F}.Release|Any CPU.ActiveCfg = Release|Any CPU
		{6C7DD0F5-298C-4EC7-B1A0-19B7A231AE3F}.Release|Any CPU.Build.0 = Release|Any CPU
		{0D259060-B177-4DB0-AA22-F0123FEFD091}.Debug|Any CPU.ActiveCfg = Debug|Any CPU
		{0D259060-B177-4DB0-AA22-F0123FEFD091}.Debug|Any CPU.Build.0 = Debug|Any CPU
		{0D259060-B177-4DB0-AA22-F0123FEFD091}.Release|Any CPU.ActiveCfg = Release|Any CPU
		{0D259060-B177-4DB0-AA22-F0123FEFD091}.Release|Any CPU.Build.0 = Release|Any CPU
		{17C06780-DF12-4D35-BFF5-45059583E755}.Debug|Any CPU.ActiveCfg = Debug|Any CPU
		{17C06780-DF12-4D35-BFF5-45059583E755}.Debug|Any CPU.Build.0 = Debug|Any CPU
		{17C06780-DF12-4D35-BFF5-45059583E755}.Release|Any CPU.ActiveCfg = Release|Any CPU
		{17C06780-DF12-4D35-BFF5-45059583E755}.Release|Any CPU.Build.0 = Release|Any CPU
	EndGlobalSection
	GlobalSection(SolutionProperties) = preSolution
		HideSolutionNode = FALSE
	EndGlobalSection
	GlobalSection(ExtensibilityGlobals) = postSolution
		SolutionGuid = {DC1A3BFE-0A4B-4CFF-B27D-829666DD1568}
	EndGlobalSection
EndGlobal
